
Microsoft Visual Studio Solution File, Format Version 12.00
Project("{FAE04EC0-301F-11D3-BF4B-00C04F79EFBC}") = "TrillBot.Discord.Modules.Ping", "src\TrillBot.Discord.Modules.Ping\TrillBot.Discord.Modules.Ping.csproj", "{C42BCD1E-BACD-4ECC-A79E-A7237C2FF04B}"
EndProject
Project("{FAE04EC0-301F-11D3-BF4B-00C04F79EFBC}") = "TrillBot.Discord.Modules.ElasticVoiceChannels", "src\TrillBot.Discord.Modules.ElasticVoiceChannels\TrillBot.Discord.Modules.ElasticVoiceChannels.csproj", "{B2171965-B26E-4DA4-9372-1AF26468416B}"
EndProject
Project("{FAE04EC0-301F-11D3-BF4B-00C04F79EFBC}") = "TrillBot.Discord.Modules.AntiAbuse", "src\TrillBot.Discord.Modules.AntiAbuse\TrillBot.Discord.Modules.AntiAbuse.csproj", "{353EA058-072E-45C0-A743-1752D00144EE}"
EndProject
Project("{FAE04EC0-301F-11D3-BF4B-00C04F79EFBC}") = "TrillBot.Discord", "src\TrillBot.Discord\TrillBot.Discord.csproj", "{8DCAEB40-197C-4ABB-8504-756061575FC1}"
EndProject
Project("{FAE04EC0-301F-11D3-BF4B-00C04F79EFBC}") = "TrillBot.WebApi", "src\TrillBot.WebApi\TrillBot.WebApi.csproj", "{B8340021-60C9-4416-B3A3-08CD412D0A13}"
EndProject
Global
	GlobalSection(SolutionConfigurationPlatforms) = preSolution
		Debug|Any CPU = Debug|Any CPU
		Release|Any CPU = Release|Any CPU
	EndGlobalSection
	GlobalSection(ProjectConfigurationPlatforms) = postSolution
		{C42BCD1E-BACD-4ECC-A79E-A7237C2FF04B}.Debug|Any CPU.ActiveCfg = Debug|Any CPU
		{C42BCD1E-BACD-4ECC-A79E-A7237C2FF04B}.Debug|Any CPU.Build.0 = Debug|Any CPU
		{C42BCD1E-BACD-4ECC-A79E-A7237C2FF04B}.Release|Any CPU.ActiveCfg = Release|Any CPU
		{C42BCD1E-BACD-4ECC-A79E-A7237C2FF04B}.Release|Any CPU.Build.0 = Release|Any CPU
		{B2171965-B26E-4DA4-9372-1AF26468416B}.Debug|Any CPU.ActiveCfg = Debug|Any CPU
		{B2171965-B26E-4DA4-9372-1AF26468416B}.Debug|Any CPU.Build.0 = Debug|Any CPU
		{B2171965-B26E-4DA4-9372-1AF26468416B}.Release|Any CPU.ActiveCfg = Release|Any CPU
		{B2171965-B26E-4DA4-9372-1AF26468416B}.Release|Any CPU.Build.0 = Release|Any CPU
		{353EA058-072E-45C0-A743-1752D00144EE}.Debug|Any CPU.ActiveCfg = Debug|Any CPU
		{353EA058-072E-45C0-A743-1752D00144EE}.Debug|Any CPU.Build.0 = Debug|Any CPU
		{353EA058-072E-45C0-A743-1752D00144EE}.Release|Any CPU.ActiveCfg = Release|Any CPU
		{353EA058-072E-45C0-A743-1752D00144EE}.Release|Any CPU.Build.0 = Release|Any CPU
		{8DCAEB40-197C-4ABB-8504-756061575FC1}.Debug|Any CPU.ActiveCfg = Debug|Any CPU
		{8DCAEB40-197C-4ABB-8504-756061575FC1}.Debug|Any CPU.Build.0 = Debug|Any CPU
		{8DCAEB40-197C-4ABB-8504-756061575FC1}.Release|Any CPU.ActiveCfg = Release|Any CPU
		{8DCAEB40-197C-4ABB-8504-756061575FC1}.Release|Any CPU.Build.0 = Release|Any CPU
		{B8340021-60C9-4416-B3A3-08CD412D0A13}.Debug|Any CPU.ActiveCfg = Debug|Any CPU
		{B8340021-60C9-4416-B3A3-08CD412D0A13}.Debug|Any CPU.Build.0 = Debug|Any CPU
		{B8340021-60C9-4416-B3A3-08CD412D0A13}.Release|Any CPU.ActiveCfg = Release|Any CPU
		{B8340021-60C9-4416-B3A3-08CD412D0A13}.Release|Any CPU.Build.0 = Release|Any CPU
	EndGlobalSection
EndGlobal
